version = 1
requires-python = ">=3.10"

[[package]]
name = "click"
version = "8.1.8"
source = { registry = "https://pypi.org/simple" }
dependencies = [
    { name = "colorama", marker = "sys_platform == 'win32'" },
]
sdist = { url = "https://files.pythonhosted.org/packages/b9/2e/0090cbf739cee7d23781ad4b89a9894a41538e4fcf4c31dcdd705b78eb8b/click-8.1.8.tar.gz", hash = "sha256:ed53c9d8990d83c2a27deae68e4ee337473f6330c040a31d4225c9574d16096a", size = 226593 }
wheels = [
    { url = "https://files.pythonhosted.org/packages/7e/d4/7ebdbd03970677812aac39c869717059dbb71a4cfc033ca6e5221787892c/click-8.1.8-py3-none-any.whl", hash = "sha256:63c132bbbed01578a06712a2d1f497bb62d9c1c0d329b7903a866228027263b2", size = 98188 },
]

[[package]]
name = "colorama"
version = "0.4.6"
source = { registry = "https://pypi.org/simple" }
sdist = { url = "https://files.pythonhosted.org/packages/d8/53/6f443c9a4a8358a93a6792e2acffb9d9d5cb0a5cfd8802644b7b1c9a02e4/colorama-0.4.6.tar.gz", hash = "sha256:08695f5cb7ed6e0531a20572697297273c47b8cae5a63ffc6d6ed5c201be6e44", size = 27697 }
wheels = [
    { url = "https://files.pythonhosted.org/packages/d1/d6/3965ed04c63042e047cb6a3e6ed1a63a35087b6a609aa3a15ed8ac56c221/colorama-0.4.6-py2.py3-none-any.whl", hash = "sha256:4f1d9991f5acc0ca119f9d443620b77f9d6b33703e51011c16baf57afb285fc6", size = 25335 },
]

[[package]]
name = "linkify-it-py"
version = "2.0.3"
source = { registry = "https://pypi.org/simple" }
dependencies = [
    { name = "uc-micro-py" },
]
sdist = { url = "https://files.pythonhosted.org/packages/2a/ae/bb56c6828e4797ba5a4821eec7c43b8bf40f69cda4d4f5f8c8a2810ec96a/linkify-it-py-2.0.3.tar.gz", hash = "sha256:68cda27e162e9215c17d786649d1da0021a451bdc436ef9e0fa0ba5234b9b048", size = 27946 }
wheels = [
    { url = "https://files.pythonhosted.org/packages/04/1e/b832de447dee8b582cac175871d2f6c3d5077cc56d5575cadba1fd1cccfa/linkify_it_py-2.0.3-py3-none-any.whl", hash = "sha256:6bcbc417b0ac14323382aef5c5192c0075bf8a9d6b41820a2b66371eac6b6d79", size = 19820 },
]

[[package]]
name = "markdown-it-py"
version = "3.0.0"
source = { registry = "https://pypi.org/simple" }
dependencies = [
    { name = "mdurl" },
]
sdist = { url = "https://files.pythonhosted.org/packages/38/71/3b932df36c1a044d397a1f92d1cf91ee0a503d91e470cbd670aa66b07ed0/markdown-it-py-3.0.0.tar.gz", hash = "sha256:e3f60a94fa066dc52ec76661e37c851cb232d92f9886b15cb560aaada2df8feb", size = 74596 }
wheels = [
    { url = "https://files.pythonhosted.org/packages/42/d7/1ec15b46af6af88f19b8e5ffea08fa375d433c998b8a7639e76935c14f1f/markdown_it_py-3.0.0-py3-none-any.whl", hash = "sha256:355216845c60bd96232cd8d8c40e8f9765cc86f46880e43a8fd22dc1a1a8cab1", size = 87528 },
]

[package.optional-dependencies]
linkify = [
    { name = "linkify-it-py" },
]
plugins = [
    { name = "mdit-py-plugins" },
]

[[package]]
name = "mdit-py-plugins"
version = "0.4.2"
source = { registry = "https://pypi.org/simple" }
dependencies = [
    { name = "markdown-it-py" },
]
sdist = { url = "https://files.pythonhosted.org/packages/19/03/a2ecab526543b152300717cf232bb4bb8605b6edb946c845016fa9c9c9fd/mdit_py_plugins-0.4.2.tar.gz", hash = "sha256:5f2cd1fdb606ddf152d37ec30e46101a60512bc0e5fa1a7002c36647b09e26b5", size = 43542 }
wheels = [
    { url = "https://files.pythonhosted.org/packages/a7/f7/7782a043553ee469c1ff49cfa1cdace2d6bf99a1f333cf38676b3ddf30da/mdit_py_plugins-0.4.2-py3-none-any.whl", hash = "sha256:0c673c3f889399a33b95e88d2f0d111b4447bdfea7f237dab2d488f459835636", size = 55316 },
]

[[package]]
name = "mdurl"
version = "0.1.2"
source = { registry = "https://pypi.org/simple" }
sdist = { url = "https://files.pythonhosted.org/packages/d6/54/cfe61301667036ec958cb99bd3efefba235e65cdeb9c84d24a8293ba1d90/mdurl-0.1.2.tar.gz", hash = "sha256:bb413d29f5eea38f31dd4754dd7377d4465116fb207585f97bf925588687c1ba", size = 8729 }
wheels = [
    { url = "https://files.pythonhosted.org/packages/b3/38/89ba8ad64ae25be8de66a6d463314cf1eb366222074cfda9ee839c56a4b4/mdurl-0.1.2-py3-none-any.whl", hash = "sha256:84008a41e51615a49fc9966191ff91509e3c40b939176e643fd50a5c2196b8f8", size = 9979 },
]

[[package]]
name = "mmh3"
version = "5.0.1"
source = { registry = "https://pypi.org/simple" }
sdist = { url = "https://files.pythonhosted.org/packages/e2/08/04ad6419f072ea3f51f9a0f429dd30f5f0a0b02ead7ca11a831117b6f9e8/mmh3-5.0.1.tar.gz", hash = "sha256:7dab080061aeb31a6069a181f27c473a1f67933854e36a3464931f2716508896", size = 32008 }
wheels = [
    { url = "https://files.pythonhosted.org/packages/fa/b9/9a91b0a0e330557cdbf51fc43ca0ba306633f2ec6d2b15e871e288592a32/mmh3-5.0.1-cp310-cp310-macosx_10_9_universal2.whl", hash = "sha256:f0a4b4bf05778ed77d820d6e7d0e9bd6beb0c01af10e1ce9233f5d2f814fcafa", size = 52867 },
    { url = "https://files.pythonhosted.org/packages/da/28/6b37f0d6707872764e1af49f327b0940b6a3ad995d91b3839b90ba35f559/mmh3-5.0.1-cp310-cp310-macosx_10_9_x86_64.whl", hash = "sha256:ac7a391039aeab95810c2d020b69a94eb6b4b37d4e2374831e92db3a0cdf71c6", size = 38352 },
    { url = "https://files.pythonhosted.org/packages/76/84/a98f59a620b522f218876a0630b02fc345ecf078f6393595756ddb3aa0b5/mmh3-5.0.1-cp310-cp310-macosx_11_0_arm64.whl", hash = "sha256:3a2583b5521ca49756d8d8bceba80627a9cc295f255dcab4e3df7ccc2f09679a", size = 38214 },
    { url = "https://files.pythonhosted.org/packages/35/cb/4980c7eb6cd31f49d1913a4066562bc9e0af28526750f1232be9688a9cd4/mmh3-5.0.1-cp310-cp310-manylinux_2_17_aarch64.manylinux2014_aarch64.whl", hash = "sha256:081a8423fe53c1ac94f87165f3e4c500125d343410c1a0c5f1703e898a3ef038", size = 93502 },
    { url = "https://files.pythonhosted.org/packages/65/f3/29726296fadeaf06134a6978f7c453dfa562cf2f0f1faf9ae28b9b8ef76e/mmh3-5.0.1-cp310-cp310-manylinux_2_17_ppc64le.manylinux2014_ppc64le.whl", hash = "sha256:b8b4d72713799755dc8954a7d36d5c20a6c8de7b233c82404d122c7c7c1707cc", size = 98394 },
    { url = "https://files.pythonhosted.org/packages/35/fd/e181f4f4b250f7b63ee27a7d65e5e290a3ea0e26cc633f4bfd906f04558b/mmh3-5.0.1-cp310-cp310-manylinux_2_17_s390x.manylinux2014_s390x.whl", hash = "sha256:389a6fd51efc76d3182d36ec306448559c1244f11227d2bb771bdd0e6cc91321", size = 98052 },
    { url = "https://files.pythonhosted.org/packages/61/5c/8a5d838da3eb3fb91035ef5eaaea469abab4e8e3fae55607c27a1a07d162/mmh3-5.0.1-cp310-cp310-manylinux_2_5_i686.manylinux1_i686.manylinux_2_17_i686.manylinux2014_i686.whl", hash = "sha256:39f4128edaa074bff721b1d31a72508cba4d2887ee7867f22082e1fe9d4edea0", size = 86320 },
    { url = "https://files.pythonhosted.org/packages/10/80/3f33a8f4de12cea322607da1a84d001513affb741b3c3cc1277ecb85d34b/mmh3-5.0.1-cp310-cp310-manylinux_2_5_x86_64.manylinux1_x86_64.manylinux_2_17_x86_64.manylinux2014_x86_64.whl", hash = "sha256:1d5d23a94d91aabba3386b3769048d5f4210fdfef80393fece2f34ba5a7b466c", size = 93232 },
    { url = "https://files.pythonhosted.org/packages/9e/1c/d0ce5f498493be4de2e7e7596e1cbf63315a4c0bb8bb94e3c37c4fad965d/mmh3-5.0.1-cp310-cp310-musllinux_1_2_aarch64.whl", hash = "sha256:16347d038361f8b8f24fd2b7ef378c9b68ddee9f7706e46269b6e0d322814713", size = 93590 },
    { url = "https://files.pythonhosted.org/packages/d9/66/770b5ad35b5a2eb7965f3fcaeaa76148e59543575d2e27b80690c1b0795c/mmh3-5.0.1-cp310-cp310-musllinux_1_2_i686.whl", hash = "sha256:6e299408565af7d61f2d20a5ffdd77cf2ed902460fe4e6726839d59ba4b72316", size = 88433 },
    { url = "https://files.pythonhosted.org/packages/14/58/e0d258b18749d8640233976493716a40aa27352dcb1cea941836357dac24/mmh3-5.0.1-cp310-cp310-musllinux_1_2_ppc64le.whl", hash = "sha256:42050af21ddfc5445ee5a66e73a8fc758c71790305e3ee9e4a85a8e69e810f94", size = 99339 },
    { url = "https://files.pythonhosted.org/packages/38/26/7267146122deb584cf377975b994d80c6d72c4c8d0e8eedff4d0cc5cd4c8/mmh3-5.0.1-cp310-cp310-musllinux_1_2_s390x.whl", hash = "sha256:2ae9b1f5ef27ec54659920f0404b7ceb39966e28867c461bfe83a05e8d18ddb0", size = 93944 },
    { url = "https://files.pythonhosted.org/packages/8d/6b/df60b14a2dd383d8848f6f35496c86c7003be3ffb236789e98d002c542c6/mmh3-5.0.1-cp310-cp310-musllinux_1_2_x86_64.whl", hash = "sha256:50c2495a02045f3047d71d4ae9cdd7a15efc0bcbb7ff17a18346834a8e2d1d19", size = 92798 },
    { url = "https://files.pythonhosted.org/packages/0a/3f/d5fecf13915163a15b449e5cc89232a4df90e836ecad1c38121318119d27/mmh3-5.0.1-cp310-cp310-win32.whl", hash = "sha256:c028fa77cddf351ca13b4a56d43c1775652cde0764cadb39120b68f02a23ecf6", size = 39185 },
    { url = "https://files.pythonhosted.org/packages/74/8e/4bb5ade332a87de633cda21dae09d6002d69601f2b93e9f40302ab2d9acf/mmh3-5.0.1-cp310-cp310-win_amd64.whl", hash = "sha256:c5e741e421ec14400c4aae30890515c201f518403bdef29ae1e00d375bb4bbb5", size = 39766 },
    { url = "https://files.pythonhosted.org/packages/16/2b/cd5cfa4d7ad40a37655af491f9270909d63fc27bcf0558ec36000ee5347f/mmh3-5.0.1-cp310-cp310-win_arm64.whl", hash = "sha256:b17156d56fabc73dbf41bca677ceb6faed435cc8544f6566d72ea77d8a17e9d0", size = 36540 },
    { url = "https://files.pythonhosted.org/packages/fb/8a/f3b9cf8b7110fef0f130158d7602af6f5b09f2cf568130814b7c92e2507b/mmh3-5.0.1-cp311-cp311-macosx_10_9_universal2.whl", hash = "sha256:9a6d5a9b1b923f1643559ba1fc0bf7a5076c90cbb558878d3bf3641ce458f25d", size = 52867 },
    { url = "https://files.pythonhosted.org/packages/bf/06/f466e0da3c5bd6fbb1e047f70fd4e9e9563d0268aa56de511f363478dbf2/mmh3-5.0.1-cp311-cp311-macosx_10_9_x86_64.whl", hash = "sha256:3349b968be555f7334bbcce839da98f50e1e80b1c615d8e2aa847ea4a964a012", size = 38349 },
    { url = "https://files.pythonhosted.org/packages/13/f0/2d3daca276a4673f82af859e4b0b18befd4e6e54f1017ba48ea9735b2f1b/mmh3-5.0.1-cp311-cp311-macosx_11_0_arm64.whl", hash = "sha256:1bd3c94b110e55db02ab9b605029f48a2f7f677c6e58c09d44e42402d438b7e1", size = 38211 },
    { url = "https://files.pythonhosted.org/packages/e3/56/a2d203ca97702d4e045ac1a46a608393da1a1dddb24f81de664dae940518/mmh3-5.0.1-cp311-cp311-manylinux_2_17_aarch64.manylinux2014_aarch64.whl", hash = "sha256:d47ba84d48608f79adbb10bb09986b6dc33eeda5c2d1bd75d00820081b73bde9", size = 95104 },
    { url = "https://files.pythonhosted.org/packages/ec/45/c7c8ae64e3ae024776a0ce5377c16c6741a3359f3e9505fc35fc5012beb2/mmh3-5.0.1-cp311-cp311-manylinux_2_17_ppc64le.manylinux2014_ppc64le.whl", hash = "sha256:c0217987a8b8525c8d9170f66d036dec4ab45cfbd53d47e8d76125791ceb155e", size = 100049 },
    { url = "https://files.pythonhosted.org/packages/d5/74/681113776fe406c09870ab2152ffbd214a15bbc8f1d1da9ad73ce594b878/mmh3-5.0.1-cp311-cp311-manylinux_2_17_s390x.manylinux2014_s390x.whl", hash = "sha256:b2797063a34e78d1b61639a98b0edec1c856fa86ab80c7ec859f1796d10ba429", size = 99671 },
    { url = "https://files.pythonhosted.org/packages/bf/4f/dbb8be18ce9b6ff8df14bc14348c0404b3091fb51df9c673ebfcf5877db3/mmh3-5.0.1-cp311-cp311-manylinux_2_5_i686.manylinux1_i686.manylinux_2_17_i686.manylinux2014_i686.whl", hash = "sha256:8bba16340adcbd47853a2fbe5afdb397549e8f2e79324ff1dced69a3f8afe7c3", size = 87549 },
    { url = "https://files.pythonhosted.org/packages/5f/82/274d646f3f604c35b7e3d4eb7f3ff08b3bdc6a2c87d797709bb6f084a611/mmh3-5.0.1-cp311-cp311-manylinux_2_5_x86_64.manylinux1_x86_64.manylinux_2_17_x86_64.manylinux2014_x86_64.whl", hash = "sha256:282797957c9f60b51b9d768a602c25f579420cc9af46feb77d457a27823d270a", size = 94780 },
    { url = "https://files.pythonhosted.org/packages/c9/a1/f094ca8b8fb5e2ac53201070bda42b0fee80ceb92c153eb99a1453e3aed3/mmh3-5.0.1-cp311-cp311-musllinux_1_2_aarch64.whl", hash = "sha256:e4fb670c29e63f954f9e7a2cdcd57b36a854c2538f579ef62681ccbaa1de2b69", size = 90430 },
    { url = "https://files.pythonhosted.org/packages/d9/23/4732ba68c6ef7242b69bb53b9e1bcb2ef065d68ed85fd26e829fb911ab5a/mmh3-5.0.1-cp311-cp311-musllinux_1_2_i686.whl", hash = "sha256:8ee7d85438dc6aff328e19ab052086a3c29e8a9b632998a49e5c4b0034e9e8d6", size = 89451 },
    { url = "https://files.pythonhosted.org/packages/3c/c5/daea5d534fcf20b2399c2a7b1cd00a8d29d4d474247c15c2c94548a1a272/mmh3-5.0.1-cp311-cp311-musllinux_1_2_ppc64le.whl", hash = "sha256:b7fb5db231f3092444bc13901e6a8d299667126b00636ffbad4a7b45e1051e2f", size = 94703 },
    { url = "https://files.pythonhosted.org/packages/5e/4a/34d5691e7be7c63c34181387bc69bdcc0005ca93c8b562d68cb5775e0e78/mmh3-5.0.1-cp311-cp311-musllinux_1_2_s390x.whl", hash = "sha256:c100dd441703da5ec136b1d9003ed4a041d8a1136234c9acd887499796df6ad8", size = 91054 },
    { url = "https://files.pythonhosted.org/packages/5c/3a/ab31bb5e9e1a19a4a997593cbe6ce56710308218ff36c7f76d40ff9c8d2e/mmh3-5.0.1-cp311-cp311-musllinux_1_2_x86_64.whl", hash = "sha256:71f3b765138260fd7a7a2dba0ea5727dabcd18c1f80323c9cfef97a7e86e01d0", size = 89571 },
    { url = "https://files.pythonhosted.org/packages/0b/79/b986bb067dbfcba6879afe6e723aad1bd53f223450532dd9a4606d0af389/mmh3-5.0.1-cp311-cp311-win32.whl", hash = "sha256:9a76518336247fd17689ce3ae5b16883fd86a490947d46a0193d47fb913e26e3", size = 39187 },
    { url = "https://files.pythonhosted.org/packages/48/69/97029eda3df0f84edde16a496a2e71bac508fc5d1f0a31e163da071e2670/mmh3-5.0.1-cp311-cp311-win_amd64.whl", hash = "sha256:336bc4df2e44271f1c302d289cc3d78bd52d3eed8d306c7e4bff8361a12bf148", size = 39766 },
    { url = "https://files.pythonhosted.org/packages/c7/51/538f2b8412303281d8ce2a9a5c4ea84ff81f06de98af0b7c72059727a3bb/mmh3-5.0.1-cp311-cp311-win_arm64.whl", hash = "sha256:af6522722fbbc5999aa66f7244d0986767a46f1fb05accc5200f75b72428a508", size = 36540 },
    { url = "https://files.pythonhosted.org/packages/75/c7/5b52d0882e7c0dccfaf8786a648e2b26c5307c594abe5cbe98c092607c97/mmh3-5.0.1-cp312-cp312-macosx_10_13_universal2.whl", hash = "sha256:f2730bb263ed9c388e8860438b057a53e3cc701134a6ea140f90443c4c11aa40", size = 52907 },
    { url = "https://files.pythonhosted.org/packages/01/b5/9609fa353c27188292748db033323c206f3fc6fbfa124bccf6a42af0da08/mmh3-5.0.1-cp312-cp312-macosx_10_13_x86_64.whl", hash = "sha256:6246927bc293f6d56724536400b85fb85f5be26101fa77d5f97dd5e2a4c69bf2", size = 38389 },
    { url = "https://files.pythonhosted.org/packages/33/99/49bf3c86244857b3b250c2f54aff22a5a78ef12258af556fa39bb1e80699/mmh3-5.0.1-cp312-cp312-macosx_11_0_arm64.whl", hash = "sha256:fbca322519a6e6e25b6abf43e940e1667cf8ea12510e07fb4919b48a0cd1c411", size = 38204 },
    { url = "https://files.pythonhosted.org/packages/f8/04/8860cab35b48aaefe40cf88344437e79ddc93cf7ff745dacd1cd56a2be1e/mmh3-5.0.1-cp312-cp312-manylinux_2_17_aarch64.manylinux2014_aarch64.whl", hash = "sha256:eae8c19903ed8a1724ad9e67e86f15d198a7a1271a4f9be83d47e38f312ed672", size = 95091 },
    { url = "https://files.pythonhosted.org/packages/fa/e9/4ac56001a5bab6d26aa3dfabeddea6d7f037fd2972c76803259f51a5af75/mmh3-5.0.1-cp312-cp312-manylinux_2_17_ppc64le.manylinux2014_ppc64le.whl", hash = "sha256:a09fd6cc72c07c0c07c3357714234b646d78052487c4a3bd5f7f6e08408cff60", size = 100055 },
    { url = "https://files.pythonhosted.org/packages/18/e8/7d5fd73f559c423ed5b72f940130c27803a406ee0ffc32ef5422f733df67/mmh3-5.0.1-cp312-cp312-manylinux_2_17_s390x.manylinux2014_s390x.whl", hash = "sha256:2ff8551fee7ae3b11c5d986b6347ade0dccaadd4670ffdb2b944dee120ffcc84", size = 99764 },
    { url = "https://files.pythonhosted.org/packages/54/d8/c0d89da6c729feec997a9b3b68698894cef12359ade0da95eba9e03b1d5d/mmh3-5.0.1-cp312-cp312-manylinux_2_5_i686.manylinux1_i686.manylinux_2_17_i686.manylinux2014_i686.whl", hash = "sha256:e39694c73a5a20c8bf36dfd8676ed351e5234d55751ba4f7562d85449b21ef3f", size = 87650 },
    { url = "https://files.pythonhosted.org/packages/dd/41/ec0ee3fd5124c83cb767dcea8569bb326f8981cc88c991e3e4e948a31e24/mmh3-5.0.1-cp312-cp312-manylinux_2_5_x86_64.manylinux1_x86_64.manylinux_2_17_x86_64.manylinux2014_x86_64.whl", hash = "sha256:eba6001989a92f72a89c7cf382fda831678bd780707a66b4f8ca90239fdf2123", size = 94976 },
    { url = "https://files.pythonhosted.org/packages/8e/fa/e8059199fe6fbb2fd6494302904cb1209b2f8b6899d58059858a280e89a5/mmh3-5.0.1-cp312-cp312-musllinux_1_2_aarch64.whl", hash = "sha256:0771f90c9911811cc606a5c7b7b58f33501c9ee896ed68a6ac22c7d55878ecc0", size = 90485 },
    { url = "https://files.pythonhosted.org/packages/3a/a0/eb9da5f93dea3f44b8e970f013279d1543ab210ccf63bb030830968682aa/mmh3-5.0.1-cp312-cp312-musllinux_1_2_i686.whl", hash = "sha256:09b31ed0c0c0920363e96641fac4efde65b1ab62b8df86293142f35a254e72b4", size = 89554 },
    { url = "https://files.pythonhosted.org/packages/e7/e8/5803181eac4e015b4caf307af22fea74292dca48e580d93afe402dcdc138/mmh3-5.0.1-cp312-cp312-musllinux_1_2_ppc64le.whl", hash = "sha256:5cf4a8deda0235312db12075331cb417c4ba163770edfe789bde71d08a24b692", size = 94872 },
    { url = "https://files.pythonhosted.org/packages/ed/f9/4d55063f9dcaed41524f078a85989efdf1d335159af5e70af29942ebae67/mmh3-5.0.1-cp312-cp312-musllinux_1_2_s390x.whl", hash = "sha256:41f7090a95185ef20ac018581a99337f0cbc84a2135171ee3290a9c0d9519585", size = 91326 },
    { url = "https://files.pythonhosted.org/packages/80/75/0a5acab5291480acd939db80e94448ac937fc7fbfddc0a67b3e721ebfc9c/mmh3-5.0.1-cp312-cp312-musllinux_1_2_x86_64.whl", hash = "sha256:b97b5b368fb7ff22194ec5854f5b12d8de9ab67a0f304728c7f16e5d12135b76", size = 89810 },
    { url = "https://files.pythonhosted.org/packages/9b/fd/eb1a3573cda74d4c2381d10ded62c128e869954ced1881c15e2bcd97a48f/mmh3-5.0.1-cp312-cp312-win32.whl", hash = "sha256:842516acf04da546f94fad52db125ee619ccbdcada179da51c326a22c4578cb9", size = 39206 },
    { url = "https://files.pythonhosted.org/packages/66/e8/542ed252924002b84c43a68a080cfd4facbea0d5df361e4f59637638d3c7/mmh3-5.0.1-cp312-cp312-win_amd64.whl", hash = "sha256:d963be0dbfd9fca209c17172f6110787ebf78934af25e3694fe2ba40e55c1e2b", size = 39799 },
    { url = "https://files.pythonhosted.org/packages/bd/25/ff2cd36c82a23afa57a05cdb52ab467a911fb12c055c8a8238c0d426cbf0/mmh3-5.0.1-cp312-cp312-win_arm64.whl", hash = "sha256:a5da292ceeed8ce8e32b68847261a462d30fd7b478c3f55daae841404f433c15", size = 36537 },
    { url = "https://files.pythonhosted.org/packages/09/e0/fb19c46265c18311b422ba5ce3e18046ad45c48cfb213fd6dbec23ae6b51/mmh3-5.0.1-cp313-cp313-macosx_10_13_universal2.whl", hash = "sha256:673e3f1c8d4231d6fb0271484ee34cb7146a6499fc0df80788adb56fd76842da", size = 52909 },
    { url = "https://files.pythonhosted.org/packages/c3/94/54fc591e7a24c7ce2c531ecfc5715cff932f9d320c2936550cc33d67304d/mmh3-5.0.1-cp313-cp313-macosx_10_13_x86_64.whl", hash = "sha256:f795a306bd16a52ad578b663462cc8e95500b3925d64118ae63453485d67282b", size = 38396 },
    { url = "https://files.pythonhosted.org/packages/1f/9a/142bcc9d0d28fc8ae45bbfb83926adc069f984cdf3495a71534cc22b8e27/mmh3-5.0.1-cp313-cp313-macosx_11_0_arm64.whl", hash = "sha256:5ed57a5e28e502a1d60436cc25c76c3a5ba57545f250f2969af231dc1221e0a5", size = 38207 },
    { url = "https://files.pythonhosted.org/packages/f8/5b/f1c9110aa70321bb1ee713f17851b9534586c63bc25e0110e4fc03ae2450/mmh3-5.0.1-cp313-cp313-manylinux_2_17_aarch64.manylinux2014_aarch64.whl", hash = "sha256:632c28e7612e909dbb6cbe2fe496201ada4695b7715584005689c5dc038e59ad", size = 94988 },
    { url = "https://files.pythonhosted.org/packages/87/e5/4dc67e7e0e716c641ab0a5875a659e37258417439590feff5c3bd3ff4538/mmh3-5.0.1-cp313-cp313-manylinux_2_17_ppc64le.manylinux2014_ppc64le.whl", hash = "sha256:53fd6bd525a5985e391c43384672d9d6b317fcb36726447347c7fc75bfed34ec", size = 99969 },
    { url = "https://files.pythonhosted.org/packages/ac/68/d148327337687c53f04ad9ceaedfa9ad155ee0111d0cb06220f044d66720/mmh3-5.0.1-cp313-cp313-manylinux_2_17_s390x.manylinux2014_s390x.whl", hash = "sha256:dceacf6b0b961a0e499836af3aa62d60633265607aef551b2a3e3c48cdaa5edd", size = 99662 },
    { url = "https://files.pythonhosted.org/packages/13/79/782adb6df6397947c1097b1e94b7f8d95629a4a73df05cf7207bd5148c1f/mmh3-5.0.1-cp313-cp313-manylinux_2_5_i686.manylinux1_i686.manylinux_2_17_i686.manylinux2014_i686.whl", hash = "sha256:8f0738d478fdfb5d920f6aff5452c78f2c35b0eff72caa2a97dfe38e82f93da2", size = 87606 },
    { url = "https://files.pythonhosted.org/packages/f2/c2/0404383281df049d0e4ccf07fabd659fc1f3da834df6708d934116cbf45d/mmh3-5.0.1-cp313-cp313-manylinux_2_5_x86_64.manylinux1_x86_64.manylinux_2_17_x86_64.manylinux2014_x86_64.whl", hash = "sha256:8e70285e7391ab88b872e5bef632bad16b9d99a6d3ca0590656a4753d55988af", size = 94836 },
    { url = "https://files.pythonhosted.org/packages/c8/33/fda67c5f28e4c2131891cf8cbc3513cfc55881e3cfe26e49328e38ffacb3/mmh3-5.0.1-cp313-cp313-musllinux_1_2_aarch64.whl", hash = "sha256:27e5fc6360aa6b828546a4318da1a7da6bf6e5474ccb053c3a6aa8ef19ff97bd", size = 90492 },
    { url = "https://files.pythonhosted.org/packages/64/2f/0ed38aefe2a87f30bb1b12e5b75dc69fcffdc16def40d1752d6fc7cbbf96/mmh3-5.0.1-cp313-cp313-musllinux_1_2_i686.whl", hash = "sha256:7989530c3c1e2c17bf5a0ec2bba09fd19819078ba90beedabb1c3885f5040b0d", size = 89594 },
    { url = "https://files.pythonhosted.org/packages/95/ab/6e7a5e765fc78e3dbd0a04a04cfdf72e91eb8e31976228e69d82c741a5b4/mmh3-5.0.1-cp313-cp313-musllinux_1_2_ppc64le.whl", hash = "sha256:cdad7bee649950da7ecd3cbbbd12fb81f1161072ecbdb5acfa0018338c5cb9cf", size = 94929 },
    { url = "https://files.pythonhosted.org/packages/74/51/f748f00c072006f4a093d9b08853a0e2e3cd5aeaa91343d4e2d942851978/mmh3-5.0.1-cp313-cp313-musllinux_1_2_s390x.whl", hash = "sha256:e143b8f184c1bb58cecd85ab4a4fd6dc65a2d71aee74157392c3fddac2a4a331", size = 91317 },
    { url = "https://files.pythonhosted.org/packages/df/a1/21ee8017a7feb0270c49f756ff56da9f99bd150dcfe3b3f6f0d4b243423d/mmh3-5.0.1-cp313-cp313-musllinux_1_2_x86_64.whl", hash = "sha256:e5eb12e886f3646dd636f16b76eb23fc0c27e8ff3c1ae73d4391e50ef60b40f6", size = 89861 },
    { url = "https://files.pythonhosted.org/packages/c2/d2/46a6d070de4659bdf91cd6a62d659f8cc547dadee52b6d02bcbacb3262ed/mmh3-5.0.1-cp313-cp313-win32.whl", hash = "sha256:16e6dddfa98e1c2d021268e72c78951234186deb4df6630e984ac82df63d0a5d", size = 39201 },
    { url = "https://files.pythonhosted.org/packages/ed/07/316c062f09019b99b248a4183c5333f8eeebe638345484774908a8f2c9c0/mmh3-5.0.1-cp313-cp313-win_amd64.whl", hash = "sha256:d3ffb792d70b8c4a2382af3598dad6ae0c5bd9cee5b7ffcc99aa2f5fd2c1bf70", size = 39807 },
    { url = "https://files.pythonhosted.org/packages/9d/d3/f7e6d7d062b8d7072c3989a528d9d47486ee5d5ae75250f6e26b4976d098/mmh3-5.0.1-cp313-cp313-win_arm64.whl", hash = "sha256:122fa9ec148383f9124292962bda745f192b47bfd470b2af5fe7bb3982b17896", size = 36539 },
]

[[package]]
name = "platformdirs"
version = "4.3.6"
source = { registry = "https://pypi.org/simple" }
sdist = { url = "https://files.pythonhosted.org/packages/13/fc/128cc9cb8f03208bdbf93d3aa862e16d376844a14f9a0ce5cf4507372de4/platformdirs-4.3.6.tar.gz", hash = "sha256:357fb2acbc885b0419afd3ce3ed34564c13c9b95c89360cd9563f73aa5e2b907", size = 21302 }
wheels = [
    { url = "https://files.pythonhosted.org/packages/3c/a6/bc1012356d8ece4d66dd75c4b9fc6c1f6650ddd5991e421177d9f8f671be/platformdirs-4.3.6-py3-none-any.whl", hash = "sha256:73e575e1408ab8103900836b97580d5307456908a03e92031bab39e4554cc3fb", size = 18439 },
]

[[package]]
name = "pygments"
version = "2.19.1"
source = { registry = "https://pypi.org/simple" }
sdist = { url = "https://files.pythonhosted.org/packages/7c/2d/c3338d48ea6cc0feb8446d8e6937e1408088a72a39937982cc6111d17f84/pygments-2.19.1.tar.gz", hash = "sha256:61c16d2a8576dc0649d9f39e089b5f02bcd27fba10d8fb4dcc28173f7a45151f", size = 4968581 }
wheels = [
    { url = "https://files.pythonhosted.org/packages/8a/0b/9fcc47d19c48b59121088dd6da2488a49d5f72dacf8262e2790a1d2c7d15/pygments-2.19.1-py3-none-any.whl", hash = "sha256:9ea1544ad55cecf4b8242fab6dd35a93bbce657034b0611ee383099054ab6d8c", size = 1225293 },
]

[[package]]
name = "rich"
version = "13.9.4"
source = { registry = "https://pypi.org/simple" }
dependencies = [
    { name = "markdown-it-py" },
    { name = "pygments" },
    { name = "typing-extensions", marker = "python_full_version < '3.11'" },
]
sdist = { url = "https://files.pythonhosted.org/packages/ab/3a/0316b28d0761c6734d6bc14e770d85506c986c85ffb239e688eeaab2c2bc/rich-13.9.4.tar.gz", hash = "sha256:439594978a49a09530cff7ebc4b5c7103ef57baf48d5ea3184f21d9a2befa098", size = 223149 }
wheels = [
    { url = "https://files.pythonhosted.org/packages/19/71/39c7c0d87f8d4e6c020a393182060eaefeeae6c01dab6a84ec346f2567df/rich-13.9.4-py3-none-any.whl", hash = "sha256:6049d5e6ec054bf2779ab3358186963bac2ea89175919d699e378b99738c2a90", size = 242424 },
]

[[package]]
name = "simple-config-sync"
version = "0.1.22"
source = { editable = "." }
dependencies = [
    { name = "click" },
    { name = "mmh3" },
    { name = "textual" },
    { name = "toml" },
]

[package.metadata]
requires-dist = [
    { name = "click", specifier = ">=8.1.7" },
    { name = "mmh3", specifier = ">=4.1.0" },
    { name = "textual", specifier = ">=0.52.1" },
    { name = "toml", specifier = ">=0.10.2" },
]

[[package]]
name = "textual"
version = "1.0.0"
source = { registry = "https://pypi.org/simple" }
dependencies = [
    { name = "markdown-it-py", extra = ["linkify", "plugins"] },
    { name = "platformdirs" },
    { name = "rich" },
    { name = "typing-extensions" },
]
sdist = { url = "https://files.pythonhosted.org/packages/1f/b6/59b1de04bb4dca0f21ed7ba0b19309ed7f3f5de4396edf20cc2855e53085/textual-1.0.0.tar.gz", hash = "sha256:bec9fe63547c1c552569d1b75d309038b7d456c03f86dfa3706ddb099b151399", size = 1532733 }
wheels = [
    { url = "https://files.pythonhosted.org/packages/ac/bb/5fb6656c625019cd653d5215237d7cd6e0b12e7eae4195c3d1c91b2136fc/textual-1.0.0-py3-none-any.whl", hash = "sha256:2d4a701781c05104925e463ae370c630567c70c2880e92ab838052e3e23c986f", size = 660456 },
]

[[package]]
name = "toml"
version = "0.10.2"
source = { registry = "https://pypi.org/simple" }
sdist = { url = "https://files.pythonhosted.org/packages/be/ba/1f744cdc819428fc6b5084ec34d9b30660f6f9daaf70eead706e3203ec3c/toml-0.10.2.tar.gz", hash = "sha256:b3bda1d108d5dd99f4a20d24d9c348e91c4db7ab1b749200bded2f839ccbe68f", size = 22253 }
wheels = [
    { url = "https://files.pythonhosted.org/packages/44/6f/7120676b6d73228c96e17f1f794d8ab046fc910d781c8d151120c3f1569e/toml-0.10.2-py2.py3-none-any.whl", hash = "sha256:806143ae5bfb6a3c6e736a764057db0e6a0e05e338b5630894a5f779cabb4f9b", size = 16588 },
]

[[package]]
name = "typing-extensions"
version = "4.12.2"
source = { registry = "https://pypi.org/simple" }
sdist = { url = "https://files.pythonhosted.org/packages/df/db/f35a00659bc03fec321ba8bce9420de607a1d37f8342eee1863174c69557/typing_extensions-4.12.2.tar.gz", hash = "sha256:1a7ead55c7e559dd4dee8856e3a88b41225abfe1ce8df57b7c13915fe121ffb8", size = 85321 }
wheels = [
    { url = "https://files.pythonhosted.org/packages/26/9f/ad63fc0248c5379346306f8668cda6e2e2e9c95e01216d2b8ffd9ff037d0/typing_extensions-4.12.2-py3-none-any.whl", hash = "sha256:04e5ca0351e0f3f85c6853954072df659d0d13fac324d0072316b67d7794700d", size = 37438 },
]

[[package]]
name = "uc-micro-py"
version = "1.0.3"
source = { registry = "https://pypi.org/simple" }
sdist = { url = "https://files.pythonhosted.org/packages/91/7a/146a99696aee0609e3712f2b44c6274566bc368dfe8375191278045186b8/uc-micro-py-1.0.3.tar.gz", hash = "sha256:d321b92cff673ec58027c04015fcaa8bb1e005478643ff4a500882eaab88c48a", size = 6043 }
wheels = [
    { url = "https://files.pythonhosted.org/packages/37/87/1f677586e8ac487e29672e4b17455758fce261de06a0d086167bb760361a/uc_micro_py-1.0.3-py3-none-any.whl", hash = "sha256:db1dffff340817673d7b466ec86114a9dc0e9d4d9b5ba229d9d60e5c12600cd5", size = 6229 },
]
