---
setup:
  argnames: ["name", "src", "path", "expected"]
  test_args: ["path", "expected"]
params:
  - name: Table with br
    src: '<table class="plain"><tbody><tr><td><br/>Text</td></tr></tbody></table>'
    tests:
      - path: "0/@type"
        expected: "slateTable"
      - path: "0/table/basic"
        expected: False
      - path: "0/table/celled"
        expected: True
      - path: "0/table/compact"
        expected: False
      - path: "0/table/fixed"
        expected: True
      - path: "0/table/hideHeaders"
        expected: True
      - path: "0/table/inverted"
        expected: False
      - path: "len:0/table/rows"
        expected: 2
      - path: "0/table/rows/0/cells/0/type"
        expected: "header"
      - path: "0/table/rows/0/cells/0/value"
        expected: ['']
      - path: "0/table/rows/1/cells/0/type"
        expected: "data"
      - path: "0/table/rows/1/cells/0/value"
        expected: [{'text': "\nText"}]

  - name: Table with div
    src: '<table><tr><td><div><strong>text</strong></div></td></tr></table>'
    tests:
      - path: "0/@type"
        expected: "slateTable"
      - path: "0/table/basic"
        expected: False
      - path: "0/table/celled"
        expected: True
      - path: "0/table/compact"
        expected: False
      - path: "0/table/fixed"
        expected: True
      - path: "0/table/inverted"
        expected: False
      - path: "0/table/striped"
        expected: False
      - path: "0/table/hideHeaders"
        expected: True
      - path: "len:0/table/rows"
        expected: 2
      - path: "0/table/rows/0/cells/0/type"
        expected: "header"
      - path: "0/table/rows/0/cells/0/value"
        expected: ['']
      - path: "0/table/rows/1/cells/0/type"
        expected: "data"
      - path: "0/table/rows/1/cells/0/value"
        expected: [{'children': [{'text': 'text'}], 'type': 'strong'}]

  - name: Table with link
    src: '<table><tr><td><a href="https://plone.org">Plone</a></td></tr></table>'
    tests:
      - path: "0/@type"
        expected: "slateTable"
      - path: "0/table/basic"
        expected: False
      - path: "0/table/celled"
        expected: True
      - path: "0/table/compact"
        expected: False
      - path: "0/table/fixed"
        expected: True
      - path: "0/table/inverted"
        expected: False
      - path: "0/table/striped"
        expected: False
      - path: "0/table/hideHeaders"
        expected: True
      - path: "len:0/table/rows"
        expected: 2
      - path: "0/table/rows/0/cells/0/type"
        expected: "header"
      - path: "0/table/rows/0/cells/0/value"
        expected: ['']
      - path: "0/table/rows/1/cells/0/type"
        expected: "data"
      - path: "0/table/rows/1/cells/0/value"
        expected: [{'children': [{'text': 'Plone'}], 'data': {'target': , 'title': , 'url': 'https://plone.org'}, 'type': 'link'}]

  - name: Table settings, no ui
    src: '<table class="celled fixed striped very basic compact"><tbody class=""><tr class=""><th class=""><p>Vorname</p></th><th class=""><p>Nachname</p></th></tr><tr class=""><td class=""><p>Jerry</p></td><td class=""><p>Smith</p></td></tr><tr class=""><td class=""><p>Morty</p></td><td class=""><p>Smith</p></td></tr><tr class=""><td class=""><p>Rick</p></td><td class=""><p>Sanchez</p></td></tr></tbody></table>'
    tests:
      - path: "0/@type"
        expected: "slateTable"
      - path: "0/table/basic"
        expected: False
      - path: "0/table/celled"
        expected: True
      - path: "0/table/compact"
        expected: False
      - path: "0/table/fixed"
        expected: True
      - path: "0/table/inverted"
        expected: False
      - path: "0/table/striped"
        expected: False
      - path: "0/table/hideHeaders"
        expected: False
      - path: "len:0/table/rows"
        expected: 4
      - path: "0/table/rows/0/cells/0/type"
        expected: "header"
      - path: "0/table/rows/0/cells/0/value"
        expected: [{'children': [{'text': 'Vorname'}], 'type': 'p'}]
      - path: "0/table/rows/0/cells/1/type"
        expected: "header"
      - path: "0/table/rows/0/cells/1/value"
        expected: [{'children': [{'text': 'Nachname'}], 'type': 'p'}]
      - path: "0/table/rows/1/cells/0/type"
        expected: "data"
      - path: "0/table/rows/1/cells/0/value"
        expected: [{'children': [{'text': 'Jerry'}], 'type': 'p'}]
      - path: "0/table/rows/1/cells/1/type"
        expected: "data"
      - path: "0/table/rows/1/cells/1/value"
        expected: [{'children': [{'text': 'Smith'}], 'type': 'p'}]
      - path: "0/table/rows/2/cells/0/type"
        expected: "data"
      - path: "0/table/rows/2/cells/0/value"
        expected: [{'children': [{'text': 'Morty'}], 'type': 'p'}]
      - path: "0/table/rows/2/cells/1/type"
        expected: "data"
      - path: "0/table/rows/2/cells/1/value"
        expected: [{'children': [{'text': 'Smith'}], 'type': 'p'}]
      - path: "0/table/rows/3/cells/0/type"
        expected: "data"
      - path: "0/table/rows/3/cells/0/value"
        expected: [{'children': [{'text': 'Rick'}], 'type': 'p'}]
      - path: "0/table/rows/3/cells/1/type"
        expected: "data"
      - path: "0/table/rows/3/cells/1/value"
        expected: [{'children': [{'text': 'Sanchez'}], 'type': 'p'}]

  - name: Table settings ui class
    src: '<table class="ui table celled fixed striped very basic compact"><tbody class=""><tr class=""><th class=""><p>Vorname</p></th><th class=""><p>Nachname</p></th></tr><tr class=""><td class=""><p>Jerry</p></td><td class=""><p>Smith</p></td></tr><tr class=""><td class=""><p>Morty</p></td><td class=""><p>Smith</p></td></tr><tr class=""><td class=""><p>Rick</p></td><td class=""><p>Sanchez</p></td></tr></tbody></table>'
    tests:
      - path: "0/@type"
        expected: "slateTable"
      - path: "0/table/basic"
        expected: True
      - path: "0/table/celled"
        expected: True
      - path: "0/table/compact"
        expected: True
      - path: "0/table/fixed"
        expected: True
      - path: "0/table/inverted"
        expected: False
      - path: "0/table/striped"
        expected: True
      - path: "0/table/hideHeaders"
        expected: False
      - path: "len:0/table/rows"
        expected: 4
      - path: "0/table/rows/0/cells/0/type"
        expected: "header"
      - path: "0/table/rows/0/cells/0/value"
        expected: [{'children': [{'text': 'Vorname'}], 'type': 'p'}]
      - path: "0/table/rows/0/cells/1/type"
        expected: "header"
      - path: "0/table/rows/0/cells/1/value"
        expected: [{'children': [{'text': 'Nachname'}], 'type': 'p'}]
      - path: "0/table/rows/1/cells/0/type"
        expected: "data"
      - path: "0/table/rows/1/cells/0/value"
        expected: [{'children': [{'text': 'Jerry'}], 'type': 'p'}]
      - path: "0/table/rows/1/cells/1/type"
        expected: "data"
      - path: "0/table/rows/1/cells/1/value"
        expected: [{'children': [{'text': 'Smith'}], 'type': 'p'}]
      - path: "0/table/rows/2/cells/0/type"
        expected: "data"
      - path: "0/table/rows/2/cells/0/value"
        expected: [{'children': [{'text': 'Morty'}], 'type': 'p'}]
      - path: "0/table/rows/2/cells/1/type"
        expected: "data"
      - path: "0/table/rows/2/cells/1/value"
        expected: [{'children': [{'text': 'Smith'}], 'type': 'p'}]
      - path: "0/table/rows/3/cells/0/type"
        expected: "data"
      - path: "0/table/rows/3/cells/0/value"
        expected: [{'children': [{'text': 'Rick'}], 'type': 'p'}]
      - path: "0/table/rows/3/cells/1/type"
        expected: "data"
      - path: "0/table/rows/3/cells/1/value"
        expected: [{'children': [{'text': 'Sanchez'}], 'type': 'p'}]

  - name: Table simple
    src: '<table><tr><td>A value</td></tr></table>'
    tests:
      - path: "0/@type"
        expected: "slateTable"
      - path: "0/table/basic"
        expected: False
      - path: "0/table/celled"
        expected: True
      - path: "0/table/compact"
        expected: False
      - path: "0/table/fixed"
        expected: True
      - path: "0/table/inverted"
        expected: False
      - path: "0/table/striped"
        expected: False
      - path: "0/table/hideHeaders"
        expected: True
      - path: "len:0/table/rows"
        expected: 2
      - path: "0/table/rows/0/cells/0/type"
        expected: "header"
      - path: "0/table/rows/0/cells/0/value"
        expected: ['']
      - path: "0/table/rows/1/cells/0/type"
        expected: "data"
      - path: "0/table/rows/1/cells/0/value"
        expected: [{'text': 'A value'}]

  - name: Table tbody
    src: '<table class="plain"><tbody><tr><td><b>Text1</b></td></tr></tbody></table>'
    tests:
      - path: "0/@type"
        expected: "slateTable"
      - path: "0/table/basic"
        expected: False
      - path: "0/table/celled"
        expected: True
      - path: "0/table/compact"
        expected: False
      - path: "0/table/fixed"
        expected: True
      - path: "0/table/inverted"
        expected: False
      - path: "0/table/striped"
        expected: False
      - path: "0/table/hideHeaders"
        expected: True
      - path: "len:0/table/rows"
        expected: 2
      - path: "0/table/rows/0/cells/0/type"
        expected: "header"
      - path: "0/table/rows/0/cells/0/value"
        expected: ['']
      - path: "0/table/rows/1/cells/0/type"
        expected: "data"
      - path: "0/table/rows/1/cells/0/value"
        expected: [{'children': [{'text': 'Text1'}], 'type': 'strong'}]

  - name: Table text with link
    src: '<table><tr><td>Plone <a href="https://plone.org">site</a></td></tr></table>'
    tests:
      - path: "0/@type"
        expected: "slateTable"
      - path: "0/table/basic"
        expected: False
      - path: "0/table/celled"
        expected: True
      - path: "0/table/compact"
        expected: False
      - path: "0/table/fixed"
        expected: True
      - path: "0/table/inverted"
        expected: False
      - path: "0/table/striped"
        expected: False
      - path: "0/table/hideHeaders"
        expected: True
      - path: "len:0/table/rows"
        expected: 2
      - path: "0/table/rows/0/cells/0/type"
        expected: "header"
      - path: "0/table/rows/0/cells/0/value"
        expected: ['']
      - path: "0/table/rows/1/cells/0/type"
        expected: "data"
      - path: "0/table/rows/1/cells/0/value"
        expected: [{'text': 'Plone '}, {'children': [{'text': 'site'}], 'data': {'target': , 'title': , 'url': 'https://plone.org'}, 'type': 'link'}]

  - name: Table text with sup
    src: '<table><tr><td>10<sup>2</sup></td></tr></table>'
    tests:
      - path: "0/@type"
        expected: "slateTable"
      - path: "0/table/basic"
        expected: False
      - path: "0/table/celled"
        expected: True
      - path: "0/table/compact"
        expected: False
      - path: "0/table/fixed"
        expected: True
      - path: "0/table/inverted"
        expected: False
      - path: "0/table/striped"
        expected: False
      - path: "0/table/hideHeaders"
        expected: True
      - path: "len:0/table/rows"
        expected: 2
      - path: "0/table/rows/0/cells/0/type"
        expected: "header"
      - path: "0/table/rows/0/cells/0/value"
        expected: ['']
      - path: "0/table/rows/1/cells/0/type"
        expected: "data"
      - path: "0/table/rows/1/cells/0/value"
        expected: [{'text': '10'}, {'children': [{'text': '2'}], 'type': 'sup'}]

  - name: Table text with thead
    src: '<table class="plain"><thead><tr><td><b>Heading</b></td></tr></thead></table>'
    tests:
      - path: "0/@type"
        expected: "slateTable"
      - path: "0/table/basic"
        expected: False
      - path: "0/table/celled"
        expected: True
      - path: "0/table/compact"
        expected: False
      - path: "0/table/fixed"
        expected: True
      - path: "0/table/inverted"
        expected: False
      - path: "0/table/striped"
        expected: False
      - path: "0/table/hideHeaders"
        expected: False
      - path: "len:0/table/rows"
        expected: 1
      - path: "0/table/rows/0/cells/0/type"
        expected: "header"
      - path: "0/table/rows/0/cells/0/value"
        expected: [{'children': [{'text': 'Heading'}], 'type': 'strong'}]

  - name: Table with whitespaces
    src: '<table><tr><td>A value<br>&nbsp;</td></tr></table>'
    tests:
      - path: "0/@type"
        expected: "slateTable"
      - path: "0/table/basic"
        expected: False
      - path: "0/table/celled"
        expected: True
      - path: "0/table/compact"
        expected: False
      - path: "0/table/fixed"
        expected: True
      - path: "0/table/inverted"
        expected: False
      - path: "0/table/striped"
        expected: False
      - path: "0/table/hideHeaders"
        expected: True
      - path: "len:0/table/rows"
        expected: 2
      - path: "0/table/rows/0/cells/0/type"
        expected: "header"
      - path: "0/table/rows/0/cells/0/value"
        expected: ['']
      - path: "0/table/rows/1/cells/0/type"
        expected: "data"
      - path: "0/table/rows/1/cells/0/value"
        expected: [{'text': "A value\n "}]

  - name: Table with header
    src: '<table><tr><th>Heading</th></tr><tr><td>A value</td></tr></table>'
    tests:
      - path: "0/@type"
        expected: "slateTable"
      - path: "0/table/basic"
        expected: False
      - path: "0/table/celled"
        expected: True
      - path: "0/table/compact"
        expected: False
      - path: "0/table/fixed"
        expected: True
      - path: "0/table/inverted"
        expected: False
      - path: "0/table/striped"
        expected: False
      - path: "0/table/hideHeaders"
        expected: False
      - path: "len:0/table/rows"
        expected: 2
      - path: "0/table/rows/0/cells/0/type"
        expected: "header"
      - path: "0/table/rows/0/cells/0/value"
        expected: [{'text': 'Heading'}]
      - path: "0/table/rows/1/cells/0/type"
        expected: "data"
      - path: "0/table/rows/1/cells/0/value"
        expected: [{'text': 'A value'}]

  - name: Table with whitespaces
    src: '<table><tr><td>A value<br>&nbsp;</td></tr></table>'
    tests:
      - path: "0/@type"
        expected: "slateTable"
      - path: "0/table/basic"
        expected: False
      - path: "0/table/celled"
        expected: True
      - path: "0/table/compact"
        expected: False
      - path: "0/table/fixed"
        expected: True
      - path: "0/table/inverted"
        expected: False
      - path: "0/table/striped"
        expected: False
      - path: "0/table/hideHeaders"
        expected: True
      - path: "len:0/table/rows"
        expected: 2
      - path: "0/table/rows/0/cells/0/type"
        expected: "header"
      - path: "0/table/rows/0/cells/0/value"
        expected: ['']
      - path: "0/table/rows/1/cells/0/type"
        expected: "data"
      - path: "0/table/rows/1/cells/0/value"
        expected: [{'text': "A value\n "}]

  - name: Table with empty first row would add an empty header row
    src: '<table><tr></tr><tr><td>A value</td></tr></table>'
    tests:
      - path: "0/@type"
        expected: "slateTable"
      - path: "len:0/table/rows"
        expected: 2
      - path: "0/table/rows/0/cells/0/type"
        expected: "header"
      - path: "0/table/rows/0/cells/0/value"
        expected: ['']
      - path: "0/table/rows/1/cells/0/type"
        expected: "data"
      - path: "0/table/rows/1/cells/0/value"
        expected: [{'text': 'A value'}]

  - name: Table with empty row data row would skip it
    src: '<table><tr><th>A value</th></tr><tr></tr></table>'
    tests:
      - path: "0/@type"
        expected: "slateTable"
      - path: "len:0/table/rows"
        expected: 1
      - path: "0/table/rows/0/cells/0/type"
        expected: "header"
      - path: "0/table/rows/0/cells/0/value"
        expected: [{'text': 'A value'}]

  - name: Table with empty cell
    src: '<table><tr><th>A header</th></tr><tr><td></td></tr></table>'
    tests:
      - path: "0/@type"
        expected: "slateTable"
      - path: "len:0/table/rows"
        expected: 2
      - path: "0/table/rows/0/cells/0/type"
        expected: "header"
      - path: "0/table/rows/0/cells/0/value"
        expected: [{'text': 'A header'}]
      - path: "0/table/rows/1/cells/0/type"
        expected: "data"
      - path: "0/table/rows/1/cells/0/value"
        expected: [{'text': ''}]

  - name: Table cell with image
    src: '<table class="plain"><tbody><tr><td><img class="image-inline" src="resolveuid/6438515b8fb845a192e4e693ab2cabb1/@@images/image/pass" /></td><td><img class="image-inline" src="resolveuid/ce0b4c98d80546ea929f11aecce23f7a" /></td></tr><tr><td>Katharina Witte<br /><p>0151 74213761</p><p> </p></td><td>Dirk Niehues<br />0170 412 628 4</td></tr></tbody></table>'
    tests:
      - path: "len:"
        expected: 3
      - path: "0/@type"
        expected: "slateTable"
      - path: "1/@type"
        expected: "image"
      - path: "2/@type"
        expected: "image"


  - name: Table should not create additional columns
    src: '<table class="plain">\r\n<tbody>\r\n<tr>\r\n<td>\r\n<p class="TabelleLabelfrSpalte" style="text-align: center; ">Allgemeine Dienstreisegenehmigung f\u00fcr:</p>\r\n</td>\r\n<td>\r\n<p class="TabelleLabelfrSpalte" style="text-align: center; ">Erteilt:</p>\r\n</td>\r\n</tr>\r\n<tr>\r\n<td>\r\n<p class="TabelleLabelfrZeile">Referatsleitung</p>\r\n</td>\r\n<td>\r\n<p align="left" class="TabelleText">Abteilungsleitung</p>\r\n</td>\r\n</tr>\r\n<tr>\r\n<td>\r\n<p class="TabelleLabelfrZeile">Pr\u00fcferinnen und Pr\u00fcfer (f\u00fcr Dienstreisen au\u00dferhalb der j\u00e4hrlichen Arbeitsplanung)</p>\r\n</td>\r\n<td>\r\n<p align="left" class="TabelleText">Pr\u00fcfungsgebietsleitung</p>\r\n</td>\r\n</tr>\r\n<tr>\r\n<td>\r\n<p class="TabelleLabelfrZeile">Besch\u00e4ftigte der Pr\u00e4sidialabteilung</p>\r\n</td>\r\n<td>\r\n<p align="left" class="TabelleText">Referatsleitung</p>\r\n</td>\r\n</tr>\r\n<tr>\r\n<td>\r\n<p class="TabelleLabelfrZeile">Besch\u00e4ftigte im Pr\u00e4sidialb\u00fcro/Stabsstelle Au\u00dfenkommunikation</p>\r\n</td>\r\n<td>\r\n<p align="left" class="TabelleText">Leitung Pr\u00e4sidialb\u00fcro/Stabsstelle Au\u00dfenkommunikation</p>\r\n</td>\r\n</tr>\r\n<tr>\r\n<td>\r\n<p class="TabelleLabelfrZeile">Besch\u00e4ftigte</p>\r\n<ul>\r\n<li>der Innenrevision</li>\r\n<li>zur Unterst\u00fctzung nach \u00a7 6 Abs. 2 BDSG</li>\r\n<li>zur Unterst\u00fctzung nach \u00a7 29 BGleiG</li>\r\n<li>zur Unterst\u00fctzung nach \u00a7 47 BPersVG</li>\r\n<li>zur Unterst\u00fctzung nach \u00a7 179 Abs. 8 SGB IX</li>\r\n</ul>\r\n</td>\r\n<td>\r\n<p align="left" class="TabelleText">Referatsleitung P</p>\r\n</td>\r\n</tr>\r\n</tbody>\r\n</table>'
    tests:
      - path: "len:"
        expected: 1
      - path: "0/@type"
        expected: "slateTable"
      - path: "len:0/table/rows"
        expected: 7
      - path: "len:0/table/rows/0/cells"
        expected: 2

  - name: Table with images and links inside
    src: |
      <table class="invisible">
      <tbody>
      <tr>
      <td scope="col">
      <p><span><span><img class="image-inline" src="resolveuid/c43e983e249fea5e7b12f2269b3cbe21" /></span></span></p>
      </td>
      <td scope="col">
      <p><span><span><span><span>Beauftragter f\u00fcr Informationssicherheit<br /></span></span><br /></span></span></p>
      <p><span><span><b><a class="email-link" href="mailto:helpdesk@example.com" target="_self" title="">John Doe</a></b></span></span></p>
      <p><span><span><b>Tel.: +49 160 2626 781</b></span></span></p>
      </td>
      <td scope="col">
      <p><span><span><img class="image-inline" src="resolveuid/4b3b1bda1e3c4a8e913c367527401fce" /></span></span></p>
      <span><span></span></span></td>
      <td scope="col">
      <p><span><span>IT-Sicherheitsmanagement<br />Stellvertr. Beauftragter f\u00fcr Informationssicherheit<a class="email-link" href="mailto:helpdesk@example.com" target="_self" title=""><b><span></span></b></a></span></span></p>
      <p><span><span><a class="email-link" href="mailto:helpdesk@example.com" target="_self" title=""><b><span>Jane Doe</span></b></a></span></span></p>
      <span><span><b>Tel.: +99 701 431 458 70<br /></b></span></span></td>
      </tr>
      </tbody>
      </table>
      <p>\u00a0</p>
      <h2><b>Meldung von IT-Sicherheitsvorf\u00e4llen </b></h2>
      <p>Bitte melden Sie diese (u. a. Warnungen des Virenscanners, verd\u00e4chtige E\u2011Mails/Phishing-Verdacht) grunds\u00e4tzlich direkt dem <b>User-Helpdesk:</b> <br /> Telefon (Mo - Fr.\u00a0\u00a0 07:00 - 18.00 Uhr): +99 271 99 721 2777<br /> E-Mail:<a class="email-link" href="mailto:helpdesk@example.com" target="_self" title=""> helpdesk@example.com</a></p>
      <p>\u00a0</p>
      <table class="invisible">
      <tbody>
      <tr>
      <td>
      <p style="text-align: justify; "><a class="internal-link" href="resolveuid/cf64d9e6518e4b5e87d7ff2131054d29" target="_blank" title=""><img class="image-inline" src="resolveuid/cf64d9e6518e4b5e87d7ff2131054d29/@@images/image/teaser1" /></a></p>
      </td>
      <td>
      <p><strong>\u00a0</strong></p>
      <ul class="listTypeSquare">
      <li><a class="internal-link" href="resolveuid/c6af77f33a66019769dbdcc59a82a8f9" target="_blank" title="\u00f6ffnet Link in neuem Fenster"><span>Informationssicherheitsleitlinie des Bundesrechnungshofes</span></a></li>
      <li><a class="internal-link" href="resolveuid/e06414872bdb4417a46f8b4034dadfb8" target="_blank" title="\u00f6ffnet Link in neuem Fenster">Weitere Regelungen des Informationssicherheit</a></li>
      </ul>
      </td>
      </tr>
      <tr>
      <td>
      <p><a class="internal-link" href="resolveuid/400e65c48cd940b0bb4ebb476708d7b2" target="_blank" title=""><span class="internal-link"><span class="external-link"><img class="image-left" src="resolveuid/360fa569c4db4f65b237fd4f36dfe1f0/@@images/image/teaser1" /></span></span></a></p>
      </td>
      <td>
      <p><br /><br /><br /></p>
      <ul class="listTypeSquare">
      <li>
      <p><a class="external-link" href="https://example.com/foo" target="_blank" title="Phishing-E-Mails-BSI">Wie erkenne ich\u00a0Phishing-E-Mails und -Webseiten?</a></p>
      </li>
      </ul>
      </td>
      </tr>
      <tr style="text-align: left; vertical-align: middle; ">
      <td>
      <p><a class="internal-link" href="resolveuid/59b7f6a1f49e4ed6afb96f45c705b722" target="_self" title=""><img class="image-inline" src="resolveuid/91d937f0c19149eab592a0e3ddd83751" /></a></p>
      </td>
      <td>
      <p><a class="internal-link" href="resolveuid/59b7f6a1f49e4ed6afb96f45c705b722" target="_self" title=""><br /><br /></a></p>
      <ul>
      <li><a class="internal-link" href="resolveuid/59b7f6a1f49e4ed6afb96f45c705b722" target="_self" title=""><span class="external-link">Reisen ins Ausland</span></a></li>
      </ul>
      </td>
      </tr>
      <tr>
      <td><img class="image-inline" src="resolveuid/f701e5f9ffbe4e5e89244acc3cee61e7/@@images/image/teaser1" /></td>
      <td>
      <p>\u00a0</p>
      <p>\u00a0</p>
      <ul class="listTypeSquare">
      <li>
      <p><a class="external-link" href="resolveuid/f701e5f9ffbe4e5e89244acc3cee61e7" target="_blank" title="Homeoffice-Checkliste-BSI">IT-Sicherheit im Home Office</a></p>
      </li>
      </ul>
      </td>
      </tr>
      </tbody>
      </table>
    tests:
      - path: "len:"
        expected: 3
      - path: "0/@type"
        expected: "slateTable"
      - path: "len:0/table/rows"
        expected: 2
      - path: "len:0/table/rows/0/cells"
        expected: 4
      - path: "0/table/rows/0/cells/0/type"
        expected: "header"
      - path: "0/table/rows/0/cells/0/value/0"
        expected: ""
      - path: "1/@type"
        expected: "image"
      - path: "2/@type"
        expected: "image"


  - name: Table with images and links inside 2
    src: |
      <table align="center" class="invisible">
      <tbody>
      <tr>
      <td style="text-align: center; "><img class="image-inline" src="resolveuid/37173797e6e544e8a717bc7c8be0c3be" /></td>
      <td>
      <p align="center"><a class="internal-link" href="resolveuid/16b1f289f84f4a2fa1ed7a129d776d05" target="_self" title=""><img class="image-inline" src="resolveuid/d101b3dada154e04a80e52fa8764d733" /> </a></p>
      </td>
      <td style="text-align: center; "></td>
      <td style="text-align: center; "></td>
      <td style="text-align: center; "></td>
      </tr>
      <tr>
      <td style="text-align: center; ">Abteilungsleitung<br /><a class="email-link" href="mailto:foo@example.com" target="_self" title="">Sabine Schneider</a><br />Mobil: 0151 44622707</td>
      <td>
      <p align="center"> </p>
      </td>
      <td style="text-align: center; "></td>
      <td style="text-align: center; "></td>
      <td style="text-align: center; "></td>
      </tr>
      <tr>
      <td>
      <p align="center"><img class="image-inline" src="resolveuid/09b35d3184ae8335809e84fd7cc8d805" /></p>
      </td>
      <td style="text-align: center; "><img class="image-inline" src="resolveuid/f980dc01d3dcbf9c1ced7435f7181dcd" /></td>
      <td>
      <p align="center"><img class="image-inline" src="resolveuid/0cd7d800fbd14a8cb7f8419cf458d28e" /></p>
      </td>
      <td style="text-align: center; "><img class="image-inline" src="resolveuid/ed57a7fc5cab47998e3fb7bd77b41d9a" /></td>
      <td style="text-align: center; "><img class="image-inline" src="resolveuid/218cefa532126d6d1834482265cc6e41" /></td>
      </tr>
      <tr>
      <td>
      <p align="center">PG II 1<br /><a class="email-link" href="mailto:foo@example.com" target="_self" title="">Klaudia Peters</a><br />Tel.: 1210<br />Mobil: 0151 43145858<br /><a class="internal-link" href="resolveuid/27468710683348c7910afdc01f530b78" target="_self" title=""><span class="internal-link"><span class="internal-link"><span class="internal-link"><span class="internal-link">Team</span></span></span></span></a></p>
      </td>
      <td>
      <p align="center">PG II 2<br /><a class="email-link" href="mailto:foo@example.com" target="_self" title="">Christian Edelmann</a><br />Tel.: 1220<br />Mobil: 01604821657<br /><a class="internal-link" href="resolveuid/82784f294cba4c6ab300bd373bfd2323" target="_self" title="mehr Informationen"><span class="internal-link"><span class="internal-link"><span class="internal-link"><span class="internal-link">Team</span></span></span></span></a></p>
      </td>
      <td>
      <p align="center">PG II 3<br /><a class="email-link" href="mailto:foo@example.com" target="_self" title=""><span class="link-mailto"><span class="email-link">John Doe<span class="link-mailto"><span class="email-link">John Doe</span></span></span></span></a><br class="email-link" />Tel.: 1230<br />Mobil: 0171 6285304<br /><a class="internal-link" href="resolveuid/44c241840b374e5c8a2e62f1bbc5fbda" target="_self" title="mehr Informationen"><span class="internal-link"><span class="internal-link"><span class="internal-link"><span class="internal-link">Team</span></span></span></span></a></p>
      </td>
      <td>
      <p align="center"><span>PG II 4</span><br /><a class="email-link" href="mailto:foo@example.com" target="_self" title=""><span class="email-link">John Doe</span></a><br /><span>Tel.: 0160 5555555</span><br /><span>Mobil: 0160 5555555</span><br /><a class="internal-link" href="resolveuid/d9025559998245ddab08777a959425e4" target="_self" title="mehr Informationen"><span class="internal-link">Team</span></a></p>
      </td>
      <td>
      <p align="center"><span>PG II 5</span><br /><a class="internal-link" href="resolveuid/9e18366b28594472b0cca944ed92208c" target="_self" title=""><span class="internal-link"><span class="internal-link"></span></span></a><a class="email-link" href="mailto:foo@example.com" target="_self" title=""><span class="email-link">John Doe</span></a><br /><span>Tel.: 0160 5555555</span><br /><span>Mobil: 0160 5555555</span><br /><a class="internal-link" href="resolveuid/f2908a6d78534f968c0b6428c3e8db46" target="_self" title=""><span class="internal-link">Team</span></a></p>
      </td>
      </tr>
      </tbody>
      </table>
    tests:
      - path: "len:"
        expected: 8
      - path: "0/@type"
        expected: "slateTable"
      - path: "len:0/table/rows"
        expected: 5
      - path: "len:0/table/rows/0/cells"
        expected: 5
      - path: "0/table/rows/0/cells/0/type"
        expected: "header"
      - path: "0/table/rows/0/cells/0/value/0"
        expected: ""
      - path: "1/@type"
        expected: "image"
      - path: "2/@type"
        expected: "image"
      - path: "3/@type"
        expected: "image"
      - path: "4/@type"
        expected: "image"
      - path: "5/@type"
        expected: "image"
      - path: "6/@type"
        expected: "image"
      - path: "7/@type"
        expected: "image"
